
Microsoft Visual Studio Solution File, Format Version 12.00
# Visual Studio Version 17
VisualStudioVersion = 17.13.35913.81 d17.13
MinimumVisualStudioVersion = 10.0.40219.1
Project("{888888A0-9F3D-457C-B088-3A5042F75D52}") = "ProGitForProgrammers", "ProGitForProgrammers\ProGitForProgrammers.pyproj", "{2C31EA9E-A39E-415B-8181-7163FA34C37E}"
EndProject
Global
	GlobalSection(SolutionConfigurationPlatforms) = preSolution
		Debug|Any CPU = Debug|Any CPU
		Release|Any CPU = Release|Any CPU
	EndGlobalSection
	GlobalSection(ProjectConfigurationPlatforms) = postSolution
		{2C31EA9E-A39E-415B-8181-7163FA34C37E}.Debug|Any CPU.ActiveCfg = Debug|Any CPU
		{2C31EA9E-A39E-415B-8181-7163FA34C37E}.Release|Any CPU.ActiveCfg = Release|Any CPU
	EndGlobalSection
	GlobalSection(SolutionProperties) = preSolution
		HideSolutionNode = FALSE
	EndGlobalSection
	GlobalSection(ExtensibilityGlobals) = postSolution
		SolutionGuid = {747AED32-8424-4B06-8FEE-A6BFEB80DEFE}
	EndGlobalSection
EndGlobal
